{
  "name": "slack-clone-app",
  "version": "1.0.0",
  "lockfileVersion": 1,
  "requires": true,
  "dependencies": {
    "@nuxtjs/eslint-config": {
      "version": "1.1.2",
      "resolved": "https://registry.npmjs.org/@nuxtjs/eslint-config/-/eslint-config-1.1.2.tgz",
      "integrity": "sha512-uKBdza1/Poz32gEodQ9MSW8M9CU4RPdvEiSLX5LWyavrbjhXW9iIbzJzSDlgMhD1QfQ5WrWv1iqL3Bh/ArbIgw==",
      "dev": true
    },
    "@nuxtjs/eslint-module": {
      "version": "1.1.0",
      "resolved": "https://registry.npmjs.org/@nuxtjs/eslint-module/-/eslint-module-1.1.0.tgz",
      "integrity": "sha512-9np9tKQ30ULIfT7Zshhw9Gc8Xf437/X7jUGG2Wv4SwT26Miu0WE0q9FNXUt9gxaBIQuokKiWsoTT28rXUaxHjQ==",
      "dev": true
    },
    "array-flatten": {
      "version": "1.1.1",
      "resolved": "https://registry.npmjs.org/array-flatten/-/array-flatten-1.1.1.tgz",
      "integrity": "sha1-ml9pkFGx5wczKPKgCJaLZOopVdI="
    },
    "babel-eslint": {
      "version": "10.0.3",
      "resolved": "https://registry.npmjs.org/babel-eslint/-/babel-eslint-10.0.3.tgz",
      "integrity": "sha512-z3U7eMY6r/3f3/JB9mTsLjyxrv0Yb1zb8PCWCLpguxfCzBIZUwy23R1t/XKewP+8mEN2Ck8Dtr4q20z6ce6SoA==",
      "dev": true
    },
    "content-type": {
      "version": "1.0.4",
      "resolved": "https://registry.npmjs.org/content-type/-/content-type-1.0.4.tgz",
      "integrity": "sha512-hIP3EEPs8tB9AT1L+NUqtwOAps4mk2Zob89MWXMHjHWg9milF/j4osnnQLXBCBFBk/tvIG/tUc9mOUJiPBhPXA=="
    },
    "cookie-signature": {
      "version": "1.0.6",
      "resolved": "https://registry.npmjs.org/cookie-signature/-/cookie-signature-1.0.6.tgz",
      "integrity": "sha1-4wOogrNCzD7oylE6eZmXNNqzriw="
    },
    "cross-env": {
      "version": "5.2.1",
      "resolved": "https://registry.npmjs.org/cross-env/-/cross-env-5.2.1.tgz",
      "integrity": "sha512-1yHhtcfAd1r4nwQgknowuUNfIT9E8dOMMspC36g45dN+iD1blloi7xp8X/xAIDnjHWyt1uQ8PHk2fkNaym7soQ=="
    },
    "debug": {
      "version": "2.6.9",
      "resolved": "https://registry.npmjs.org/debug/-/debug-2.6.9.tgz",
      "integrity": "sha512-bC7ElrdJaJnPbAP+1EotYvqZsb3ecl5wi6Bfi6BJTUcNowp6cvspg0jXznRTKDjm/E7AdgFBVeAPVMNcKGsHMA=="
    },
    "depd": {
      "version": "1.1.2",
      "resolved": "https://registry.npmjs.org/depd/-/depd-1.1.2.tgz",
      "integrity": "sha1-m81S4UwJd2PnSbJ0xDRu0uVgtak="
    },
    "destroy": {
      "version": "1.0.4",
      "resolved": "https://registry.npmjs.org/destroy/-/destroy-1.0.4.tgz",
      "integrity": "sha1-l4hXRCxEdJ5CBmE+N5RiBYJqvYA="
    },
    "element-ui": {
      "version": "2.13.0",
      "resolved": "https://registry.npmjs.org/element-ui/-/element-ui-2.13.0.tgz",
      "integrity": "sha512-KYsHWsBXYbLELS8cdfvgJTOMSUby3UEjvsPV1V1VmgJ/DdkOAS4z3MiOrPxrT9w2Cc5lZ4eVSQiGhYFR5NVChw==",
      "dependencies": {
        "deepmerge": {
          "version": "1.5.2",
          "resolved": "https://registry.npmjs.org/deepmerge/-/deepmerge-1.5.2.tgz",
          "integrity": "sha512-95k0GDqvBjZavkuvzx/YqVLv/6YYa17fz6ILMSf7neqQITCPbnfEnQvEgMPNjH4kgobe7+WIL0yJEHku+H3qtQ=="
        }
      }
    },
    "encodeurl": {
      "version": "1.0.2",
      "resolved": "https://registry.npmjs.org/encodeurl/-/encodeurl-1.0.2.tgz",
      "integrity": "sha1-rT/0yG7C0CkyL1oCw6mmBslbP1k="
    },
    "escape-html": {
      "version": "1.0.3",
      "resolved": "https://registry.npmjs.org/escape-html/-/escape-html-1.0.3.tgz",
      "integrity": "sha1-Aljq5NPQwJdN4cFpGI7wBR0dGYg="
    },
    "eslint": {
      "version": "6.8.0",
      "resolved": "https://registry.npmjs.org/eslint/-/eslint-6.8.0.tgz",
      "integrity": "sha512-K+Iayyo2LtyYhDSYwz5D5QdWw0hCacNzyq1Y821Xna2xSJj7cijoLLYmLxTQgcgZ9mC61nryMy9S7GRbYpI5Ig==",
      "dev": true,
      "dependencies": {
        "acorn": {
          "version": "7.1.0",
          "resolved": "https://registry.npmjs.org/acorn/-/acorn-7.1.0.tgz",
          "integrity": "sha512-kL5CuoXA/dgxlBbVrflsflzQ3PAas7RYZB52NOm/6839iVYJgKMJ3cQJD+t2i5+qFa8h3MDpEOJiS64E8JLnSQ=="
        },
        "debug": {
          "version": "4.1.1",
          "resolved": "https://registry.npmjs.org/debug/-/debug-4.1.1.tgz",
          "integrity": "sha512-pYAIzeRo8J6KPEaJ0VWOh5Pzkbw/RetuzehGM7QRRX5he4fPHx2rdKMB256ehJCkX+XRQm16eZLqLNS8RSZXZw=="
        },
        "doctrine": {
          "version": "3.0.0",
          "resolved": "https://registry.npmjs.org/doctrine/-/doctrine-3.0.0.tgz",
          "integrity": "sha512-yS+Q5i3hBf7GBkd4KG8a7eBNNWNGLTaEwwYWUijIYM7zrlYDM0BFXHjjPWlWZ1Rg7UaddZeIDmi9jF3HmqiQ2w=="
        },
        "eslint-scope": {
          "version": "5.0.0",
          "resolved": "https://registry.npmjs.org/eslint-scope/-/eslint-scope-5.0.0.tgz",
          "integrity": "sha512-oYrhJW7S0bxAFDvWqzvMPRm6pcgcnWc4QnofCAqRTRfQC0JcwenzGglTtsLyIuuWFfkqDG9vz67cnttSd53djw=="
        },
        "espree": {
          "version": "6.1.2",
          "resolved": "https://registry.npmjs.org/espree/-/espree-6.1.2.tgz",
          "integrity": "sha512-2iUPuuPP+yW1PZaMSDM9eyVf8D5P0Hi8h83YtZ5bPc/zHYjII5khoixIUTMO794NOY8F/ThF1Bo8ncZILarUTA=="
        },
        "globals": {
          "version": "12.3.0",
          "resolved": "https://registry.npmjs.org/globals/-/globals-12.3.0.tgz",
          "integrity": "sha512-wAfjdLgFsPZsklLJvOBUBmzYE8/CwhEqSBEMRXA3qxIiNtyqvjYurAtIfDh6chlEPUfmTY3MnZh5Hfh4q0UlIw=="
        },
        "ignore": {
          "version": "4.0.6",
          "resolved": "https://registry.npmjs.org/ignore/-/ignore-4.0.6.tgz",
          "integrity": "sha512-cyFDKrqc/YdcWFniJhzI42+AzS+gNwmUzOSFcRCQYwySuBBBy/KjuxWLZ/FHEH6Moq1NizMOBWyTcv8O4OZIMg=="
        },
        "import-fresh": {
          "version": "3.2.1",
          "resolved": "https://registry.npmjs.org/import-fresh/-/import-fresh-3.2.1.tgz",
          "integrity": "sha512-6e1q1cnWP2RXD9/keSkxHScg508CdXqXWgWBaETNhyuBFz+kUZlKboh+ISK+bU++DmbHimVBrOz/zzPe0sZ3sQ=="
        },
        "ms": {
          "version": "2.1.2",
          "resolved": "https://registry.npmjs.org/ms/-/ms-2.1.2.tgz",
          "integrity": "sha512-sGkPx+VjMtmA6MX27oA4FBFELFCZZ4S4XqeGOXCv68tT+jb3vk/RyaKWP0PTKyWtmLSM0b+adUTEvbs1PEaH2w=="
        },
        "resolve-from": {
          "version": "4.0.0",
          "resolved": "https://registry.npmjs.org/resolve-from/-/resolve-from-4.0.0.tgz",
          "integrity": "sha512-pb/MYmXstAkysRFx8piNI1tGFNQIFA3vkE3Gq4EuA1dF6gHp/+vgZqsCGJapvy8N3Q+4o7FwvquPJcnZ7RYy4g=="
        },
        "semver": {
          "version": "6.3.0",
          "resolved": "https://registry.npmjs.org/semver/-/semver-6.3.0.tgz",
          "integrity": "sha512-b39TBaTSfV6yBrapU89p5fKekE2m/NwnDocOVruQFS1/veMgdzuPcnOM34M6CwxW8jH/lxEa5rBoDeUwu5HHTw=="
        }
      }
    },
    "eslint-plugin-nuxt": {
      "version": "0.5.0",
      "resolved": "https://registry.npmjs.org/eslint-plugin-nuxt/-/eslint-plugin-nuxt-0.5.0.tgz",
      "integrity": "sha512-bYMl58s3mFD28wUU++5eEGaJG44naJZEo3my4+GixacmcD/vOyQZr3Hu1ToNmJJbZ3z1Ci3La5YMEyl+t2105Q==",
      "dev": true,
      "dependencies": {
        "debug": {
          "version": "4.1.1",
          "resolved": "https://registry.npmjs.org/debug/-/debug-4.1.1.tgz",
          "integrity": "sha512-pYAIzeRo8J6KPEaJ0VWOh5Pzkbw/RetuzehGM7QRRX5he4fPHx2rdKMB256ehJCkX+XRQm16eZLqLNS8RSZXZw=="
        },
        "eslint-plugin-vue": {
          "version": "6.0.1",
          "resolved": "https://registry.npmjs.org/eslint-plugin-vue/-/eslint-plugin-vue-6.0.1.tgz",
          "integrity": "sha512-5tgFPcxGDKjfVB/6Yi56bKiWxygUibfZmzSh26Np3kuwAk/lfaGbVld+Yt+MPgD84ppvcachtiL4/winsXLjXA==",
          "dependencies": {
            "vue-eslint-parser": {
              "version": "6.0.5",
              "resolved": "https://registry.npmjs.org/vue-eslint-parser/-/vue-eslint-parser-6.0.5.tgz",
              "integrity": "sha512-Bvjlx7rH1Ulvus56KHeLXOjEi3JMOYTa1GAqZr9lBQhd8weK8mV7U7V2l85yokBZEWHJQjLn6X3nosY8TzkOKg=="
            }
          }
        },
        "espree": {
          "version": "5.0.1",
          "resolved": "https://registry.npmjs.org/espree/-/espree-5.0.1.tgz",
          "integrity": "sha512-qWAZcWh4XE/RwzLJejfcofscgMc9CamR6Tn1+XRXNzrvUSSbiAjGOI/fggztjIi7y9VLPqnICMIPiGyr8JaZ0A=="
        },
        "ms": {
          "version": "2.1.2",
          "resolved": "https://registry.npmjs.org/ms/-/ms-2.1.2.tgz",
          "integrity": "sha512-sGkPx+VjMtmA6MX27oA4FBFELFCZZ4S4XqeGOXCv68tT+jb3vk/RyaKWP0PTKyWtmLSM0b+adUTEvbs1PEaH2w=="
        },
        "vue-eslint-parser": {
          "version": "7.0.0",
          "resolved": "https://registry.npmjs.org/vue-eslint-parser/-/vue-eslint-parser-7.0.0.tgz",
          "integrity": "sha512-yR0dLxsTT7JfD2YQo9BhnQ6bUTLsZouuzt9SKRP7XNaZJV459gvlsJo4vT2nhZ/2dH9j3c53bIx9dnqU2prM9g==",
          "dependencies": {
            "acorn": {
              "version": "7.1.0",
              "resolved": "https://registry.npmjs.org/acorn/-/acorn-7.1.0.tgz",
              "integrity": "sha512-kL5CuoXA/dgxlBbVrflsflzQ3PAas7RYZB52NOm/6839iVYJgKMJ3cQJD+t2i5+qFa8h3MDpEOJiS64E8JLnSQ=="
            },
            "eslint-scope": {
              "version": "5.0.0",
              "resolved": "https://registry.npmjs.org/eslint-scope/-/eslint-scope-5.0.0.tgz",
              "integrity": "sha512-oYrhJW7S0bxAFDvWqzvMPRm6pcgcnWc4QnofCAqRTRfQC0JcwenzGglTtsLyIuuWFfkqDG9vz67cnttSd53djw=="
            },
            "espree": {
              "version": "6.1.2",
              "resolved": "https://registry.npmjs.org/espree/-/espree-6.1.2.tgz",
              "integrity": "sha512-2iUPuuPP+yW1PZaMSDM9eyVf8D5P0Hi8h83YtZ5bPc/zHYjII5khoixIUTMO794NOY8F/ThF1Bo8ncZILarUTA=="
            }
          }
        }
      }
    },
    "etag": {
      "version": "1.8.1",
      "resolved": "https://registry.npmjs.org/etag/-/etag-1.8.1.tgz",
      "integrity": "sha1-Qa4u62XvpiJorr/qg6x9eSmbCIc="
    },
    "express": {
      "version": "4.17.3",
      "resolved": "https://registry.npmjs.org/express/-/express-4.17.3.tgz",
      "integrity": "sha512-yuSQpz5I+Ch7gFrPCk4/c+dIBKlQUxtgwqzph132bsT6qhuzss6I8cLJQz7B3rFblzd6wtcI0ZbGltH/C4LjUg==",
      "requires": {
        "accepts": "~1.3.8",
        "array-flatten": "1.1.1",
        "body-parser": "1.19.2",
        "content-disposition": "0.5.4",
        "content-type": "~1.0.4",
        "cookie": "0.4.2",
        "cookie-signature": "1.0.6",
        "debug": "2.6.9",
        "depd": "~1.1.2",
        "encodeurl": "~1.0.2",
        "escape-html": "~1.0.3",
        "etag": "~1.8.1",
        "finalhandler": "~1.1.2",
        "fresh": "0.5.2",
        "merge-descriptors": "1.0.1",
        "methods": "~1.1.2",
        "on-finished": "~2.3.0",
        "parseurl": "~1.3.3",
        "path-to-regexp": "0.1.7",
        "proxy-addr": "~2.0.7",
        "qs": "6.9.7",
        "range-parser": "~1.2.1",
        "safe-buffer": "5.2.1",
        "send": "0.17.2",
        "serve-static": "1.14.2",
        "setprototypeof": "1.2.0",
        "statuses": "~1.5.0",
        "type-is": "~1.6.18",
        "utils-merge": "1.0.1",
        "vary": "~1.1.2"
      },
      "dependencies": {
        "accepts": {
          "version": "1.3.8",
          "resolved": "https://registry.npmjs.org/accepts/-/accepts-1.3.8.tgz",
          "integrity": "sha512-PYAthTa2m2VKxuvSD3DPC/Gy+U+sOA1LAuT8mkmRuvw+NACSaeXEQ+NHcVF7rONl6qcaxV3Uuemwawk+7+SJLw==",
          "requires": {
            "mime-types": "~2.1.34",
            "negotiator": "0.6.3"
          }
        },
        "body-parser": {
          "version": "1.19.2",
          "resolved": "https://registry.npmjs.org/body-parser/-/body-parser-1.19.2.tgz",
          "integrity": "sha512-SAAwOxgoCKMGs9uUAUFHygfLAyaniaoun6I8mFY9pRAJL9+Kec34aU+oIjDhTycub1jozEfEwx1W1IuOYxVSFw==",
          "requires": {
            "bytes": "3.1.2",
            "content-type": "~1.0.4",
            "debug": "2.6.9",
            "depd": "~1.1.2",
            "http-errors": "1.8.1",
            "iconv-lite": "0.4.24",
            "on-finished": "~2.3.0",
            "qs": "6.9.7",
            "raw-body": "2.4.3",
            "type-is": "~1.6.18"
          }
        },
        "bytes": {
          "version": "3.1.2",
          "resolved": "https://registry.npmjs.org/bytes/-/bytes-3.1.2.tgz",
          "integrity": "sha512-/Nf7TyzTx6S3yRJObOAV7956r8cr2+Oj8AC5dt8wSP3BQAoeX58NoHyCU8P8zGkNXStjTSi6fzO6F0pBdcYbEg=="
        },
        "content-disposition": {
          "version": "0.5.4",
          "resolved": "https://registry.npmjs.org/content-disposition/-/content-disposition-0.5.4.tgz",
          "integrity": "sha512-FveZTNuGw04cxlAiWbzi6zTAL/lhehaWbTtgluJh4/E95DqMwTmha3KZN1aAWA8cFIhHzMZUvLevkw5Rqk+tSQ==",
          "requires": {
            "safe-buffer": "5.2.1"
          }
        },
        "cookie": {
          "version": "0.4.2",
          "resolved": "https://registry.npmjs.org/cookie/-/cookie-0.4.2.tgz",
          "integrity": "sha512-aSWTXFzaKWkvHO1Ny/s+ePFpvKsPnjc551iI41v3ny/ow6tBG5Vd+FuqGNhh1LxOmVzOlGUriIlOaokOvhaStA=="
        },
        "forwarded": {
          "version": "0.2.0",
          "resolved": "https://registry.npmjs.org/forwarded/-/forwarded-0.2.0.tgz",
          "integrity": "sha512-buRG0fpBtRHSTCOASe6hD258tEubFoRLb4ZNA6NxMVHNw2gOcwHo9wyablzMzOA5z9xA9L1KNjk/Nt6MT9aYow=="
        },
        "http-errors": {
          "version": "1.8.1",
          "resolved": "https://registry.npmjs.org/http-errors/-/http-errors-1.8.1.tgz",
          "integrity": "sha512-Kpk9Sm7NmI+RHhnj6OIWDI1d6fIoFAtFt9RLaTMRlg/8w49juAStsrBgp0Dp4OdxdVbRIeKhtCUvoi/RuAhO4g==",
          "requires": {
            "depd": "~1.1.2",
            "inherits": "2.0.4",
            "setprototypeof": "1.2.0",
            "statuses": ">= 1.5.0 < 2",
            "toidentifier": "1.0.1"
          }
        },
        "inherits": {
          "version": "2.0.4",
          "resolved": "https://registry.npmjs.org/inherits/-/inherits-2.0.4.tgz",
          "integrity": "sha512-k/vGaX4/Yla3WzyMCvTQOXYeIHvqOKtnqBduzTHpzpQZzAskKMhZ2K+EnBiSM9zGSoIFeMpXKxa4dYeZIQqewQ=="
        },
        "ipaddr.js": {
          "version": "1.9.1",
          "resolved": "https://registry.npmjs.org/ipaddr.js/-/ipaddr.js-1.9.1.tgz",
          "integrity": "sha512-0KI/607xoxSToH7GjN1FfSbLoU0+btTicjsQSWQlh/hZykN8KpmMf7uYwPW3R+akZ6R/w18ZlXSHBYXiYUPO3g=="
        },
        "mime-db": {
          "version": "1.52.0",
          "resolved": "https://registry.npmjs.org/mime-db/-/mime-db-1.52.0.tgz",
          "integrity": "sha512-sPU4uV7dYlvtWJxwwxHD0PuihVNiE7TyAbQ5SWxDCB9mUYvOgroQOwYQQOKPJ8CIbE+1ETVlOoK1UC2nU3gYvg=="
        },
        "mime-types": {
          "version": "2.1.35",
          "resolved": "https://registry.npmjs.org/mime-types/-/mime-types-2.1.35.tgz",
          "integrity": "sha512-ZDY+bPm5zTTF+YpCrAU9nK0UgICYPT0QtT1NZWFv4s++TNkcgVaT0g6+4R2uI4MjQjzysHB1zxuWL50hzaeXiw==",
          "requires": {
            "mime-db": "1.52.0"
          }
        },
        "ms": {
          "version": "2.1.3",
          "resolved": "https://registry.npmjs.org/ms/-/ms-2.1.3.tgz",
          "integrity": "sha512-6FlzubTLZG3J2a/NVCAleEhjzq5oxgHyaCU9yYXvcLsvoVaHJq/s5xXI6/XXP6tz7R9xAOtHnSO/tXtF3WRTlA=="
        },
        "negotiator": {
          "version": "0.6.3",
          "resolved": "https://registry.npmjs.org/negotiator/-/negotiator-0.6.3.tgz",
          "integrity": "sha512-+EUsqGPLsM+j/zdChZjsnX51g4XrHFOIXwfnCVPGlQk/k5giakcKsuxCObBRu6DSm9opw/O6slWbJdghQM4bBg=="
        },
        "proxy-addr": {
          "version": "2.0.7",
          "resolved": "https://registry.npmjs.org/proxy-addr/-/proxy-addr-2.0.7.tgz",
          "integrity": "sha512-llQsMLSUDUPT44jdrU/O37qlnifitDP+ZwrmmZcoSKyLKvtZxpyV0n2/bD/N4tBAAZ/gJEdZU7KMraoK1+XYAg==",
          "requires": {
            "forwarded": "0.2.0",
            "ipaddr.js": "1.9.1"
          }
        },
        "qs": {
          "version": "6.9.7",
          "resolved": "https://registry.npmjs.org/qs/-/qs-6.9.7.tgz",
          "integrity": "sha512-IhMFgUmuNpyRfxA90umL7ByLlgRXu6tIfKPpF5TmcfRLlLCckfP/g3IQmju6jjpu+Hh8rA+2p6A27ZSPOOHdKw=="
        },
        "raw-body": {
          "version": "2.4.3",
          "resolved": "https://registry.npmjs.org/raw-body/-/raw-body-2.4.3.tgz",
          "integrity": "sha512-UlTNLIcu0uzb4D2f4WltY6cVjLi+/jEN4lgEUj3E04tpMDpUlkBo/eSn6zou9hum2VMNpCCUone0O0WeJim07g==",
          "requires": {
            "bytes": "3.1.2",
            "http-errors": "1.8.1",
            "iconv-lite": "0.4.24",
            "unpipe": "1.0.0"
          }
        },
        "safe-buffer": {
          "version": "5.2.1",
          "resolved": "https://registry.npmjs.org/safe-buffer/-/safe-buffer-5.2.1.tgz",
          "integrity": "sha512-rp3So07KcdmmKbGvgaNxQSJr7bGVSVk5S9Eq1F+ppbRo70+YeaDxkw5Dd8NPN+GD6bjnYm2VuPuCXmpuYvmCXQ=="
        },
        "send": {
          "version": "0.17.2",
          "resolved": "https://registry.npmjs.org/send/-/send-0.17.2.tgz",
          "integrity": "sha512-UJYB6wFSJE3G00nEivR5rgWp8c2xXvJ3OPWPhmuteU0IKj8nKbG3DrjiOmLwpnHGYWAVwA69zmTm++YG0Hmwww==",
          "requires": {
            "debug": "2.6.9",
            "depd": "~1.1.2",
            "destroy": "~1.0.4",
            "encodeurl": "~1.0.2",
            "escape-html": "~1.0.3",
            "etag": "~1.8.1",
            "fresh": "0.5.2",
            "http-errors": "1.8.1",
            "mime": "1.6.0",
            "ms": "2.1.3",
            "on-finished": "~2.3.0",
            "range-parser": "~1.2.1",
            "statuses": "~1.5.0"
          }
        },
        "serve-static": {
          "version": "1.14.2",
          "resolved": "https://registry.npmjs.org/serve-static/-/serve-static-1.14.2.tgz",
          "integrity": "sha512-+TMNA9AFxUEGuC0z2mevogSnn9MXKb4fa7ngeRMJaaGv8vTwnIEkKi+QGvPt33HSnf8pRS+WGM0EbMtCJLKMBQ==",
          "requires": {
            "encodeurl": "~1.0.2",
            "escape-html": "~1.0.3",
            "parseurl": "~1.3.3",
            "send": "0.17.2"
          }
        },
        "setprototypeof": {
          "version": "1.2.0",
          "resolved": "https://registry.npmjs.org/setprototypeof/-/setprototypeof-1.2.0.tgz",
          "integrity": "sha512-E5LDX7Wrp85Kil5bhZv46j8jOeboKq5JMmYM3gVGdGH8xFpPWXUMsNrlODCrkoxMEeNi/XZIwuRvY4XNwYMJpw=="
        },
        "toidentifier": {
          "version": "1.0.1",
          "resolved": "https://registry.npmjs.org/toidentifier/-/toidentifier-1.0.1.tgz",
          "integrity": "sha512-o5sSPKEkg/DIQNmH43V0/uerLrpzVedkUh8tGNvaeXpfpuwjKenlSox/2O/BTlZUtEe+JG7s5YhEz608PlAHRA=="
        }
      }
    },
    "finalhandler": {
      "version": "1.1.2",
      "resolved": "https://registry.npmjs.org/finalhandler/-/finalhandler-1.1.2.tgz",
      "integrity": "sha512-aAWcW57uxVNrQZqFXjITpW3sIUQmHGG3qSb9mUah9MgMC4NeWhNOlNjXEYq3HjRAvL6arUviZGGJsBg6z0zsWA=="
    },
    "firebase": {
      "version": "7.6.1",
      "resolved": "https://registry.npmjs.org/firebase/-/firebase-7.6.1.tgz",
      "integrity": "sha512-rrKp2cWmrH3gdxr+3t97t6eGye4VJTOYo6U98jvGi+OA4ZSKTSrCMXN6nZkAVOkSCvn/fgw//oHV+7VsJskB/Q=="
    },
    "fresh": {
      "version": "0.5.2",
      "resolved": "https://registry.npmjs.org/fresh/-/fresh-0.5.2.tgz",
      "integrity": "sha1-PYyt2Q2XZWn6g1qx+OSyOhBWBac="
    },
    "iconv-lite": {
      "version": "0.4.24",
      "resolved": "https://registry.npmjs.org/iconv-lite/-/iconv-lite-0.4.24.tgz",
      "integrity": "sha512-v3MXnZAcvnywkTUEZomIActle7RXXeedOR31wwl7VlyoXO4Qi9arvSenNQWne1TcRwhCL1HwLI21bEqdpj8/rA=="
    },
    "merge-descriptors": {
      "version": "1.0.1",
      "resolved": "https://registry.npmjs.org/merge-descriptors/-/merge-descriptors-1.0.1.tgz",
      "integrity": "sha1-sAqqVW3YtEVoFQ7J0blT8/kMu2E="
    },
    "methods": {
      "version": "1.1.2",
      "resolved": "https://registry.npmjs.org/methods/-/methods-1.1.2.tgz",
      "integrity": "sha1-VSmk1nZUE07cxSZmVoNbD4Ua/O4="
    },
    "mime": {
      "version": "1.6.0",
      "resolved": "https://registry.npmjs.org/mime/-/mime-1.6.0.tgz",
      "integrity": "sha512-x0Vn8spI+wuJ1O6S7gnbaQg8Pxh4NNHb7KSINmEWKiPE4RKOplvijn+NkmYmmRgP68mc70j2EbeTFRsrswaQeg=="
    },
    "next-tick": {
      "version": "1.0.0",
      "resolved": "https://registry.npmjs.org/next-tick/-/next-tick-1.0.0.tgz",
      "integrity": "sha1-yobR/ogoFpsBICCOPchCS524NCw="
    },
    "nodemon": {
      "version": "1.19.4",
      "resolved": "https://registry.npmjs.org/nodemon/-/nodemon-1.19.4.tgz",
      "integrity": "sha512-VGPaqQBNk193lrJFotBU8nvWZPqEZY2eIzymy2jjY0fJ9qIsxA0sxQ8ATPl0gZC645gijYEc1jtZvpS8QWzJGQ==",
      "dev": true,
      "dependencies": {
        "anymatch": {
          "version": "2.0.0",
          "resolved": "https://registry.npmjs.org/anymatch/-/anymatch-2.0.0.tgz",
          "integrity": "sha512-5teOsQWABXHHBFP9y3skS5P3d/WfWXpv3FUpy+LorMrNYaT9pI4oLMQX7jzQ2KklNpGpWHzdCXTDT2Y3XGlZBw==",
          "dependencies": {
            "normalize-path": {
              "version": "2.1.1",
              "resolved": "https://registry.npmjs.org/normalize-path/-/normalize-path-2.1.1.tgz",
              "integrity": "sha1-GrKLVW4Zg2Oowab35vogE3/mrtk="
            }
          }
        },
        "binary-extensions": {
          "version": "1.13.1",
          "resolved": "https://registry.npmjs.org/binary-extensions/-/binary-extensions-1.13.1.tgz",
          "integrity": "sha512-Un7MIEDdUC5gNpcGDV97op1Ywk748MpHcFTHoYs6qnj1Z3j7I53VG3nwZhKzoBZmbdRNnb6WRdFlwl7tSDuZGw=="
        },
        "braces": {
          "version": "2.3.2",
          "resolved": "https://registry.npmjs.org/braces/-/braces-2.3.2.tgz",
          "integrity": "sha512-aNdbnj9P8PjdXU4ybaWLK2IF3jc/EoDYbC7AazW6to3TRsfXxscC9UXOB5iDiEQrkyIbWp2SLQda4+QAa7nc3w=="
        },
        "chokidar": {
          "version": "2.1.8",
          "resolved": "https://registry.npmjs.org/chokidar/-/chokidar-2.1.8.tgz",
          "integrity": "sha512-ZmZUazfOzf0Nve7duiCKD23PFSCs4JPoYyccjUFF3aQkQadqBhfzhjkwBH2mNOG9cTBwhamM37EIsIkZw3nRgg=="
        },
        "debug": {
          "version": "3.2.6",
          "resolved": "https://registry.npmjs.org/debug/-/debug-3.2.6.tgz",
          "integrity": "sha512-mel+jf7nrtEl5Pn1Qx46zARXKDpBbvzezse7p7LqINmdoIk8PYP5SySaxEmYv6TZ0JyEKA1hsCId6DIhgITtWQ=="
        },
        "extend-shallow": {
          "version": "2.0.1",
          "resolved": "https://registry.npmjs.org/extend-shallow/-/extend-shallow-2.0.1.tgz",
          "integrity": "sha1-Ua99YUrZqfYQ6huvu5idaxxWiQ8="
        },
        "fill-range": {
          "version": "4.0.0",
          "resolved": "https://registry.npmjs.org/fill-range/-/fill-range-4.0.0.tgz",
          "integrity": "sha1-1USBHUKPmOsGpj3EAtJAPDKMOPc="
        },
        "fsevents": {
          "version": "1.2.11",
          "resolved": "https://registry.npmjs.org/fsevents/-/fsevents-1.2.11.tgz",
          "integrity": "sha512-+ux3lx6peh0BpvY0JebGyZoiR4D+oYzdPZMKJwkZ+sFkNJzpL7tXc/wehS49gUAxg3tmMHPHZkA8JU2rhhgDHw==",
          "requires": {
            "nan": "^2.12.1",
            "node-pre-gyp": "*"
          },
          "dependencies": {
            "abbrev": {
              "version": "1.1.1",
              "bundled": true,
              "optional": true
            },
            "ansi-regex": {
              "version": "2.1.1",
              "bundled": true,
              "optional": true
            },
            "aproba": {
              "version": "1.2.0",
              "bundled": true,
              "optional": true
            },
            "are-we-there-yet": {
              "version": "1.1.5",
              "bundled": true,
              "optional": true,
              "requires": {
                "delegates": "^1.0.0",
                "readable-stream": "^2.0.6"
              }
            },
            "balanced-match": {
              "version": "1.0.0",
              "bundled": true,
              "optional": true
            },
            "brace-expansion": {
              "version": "1.1.11",
              "bundled": true,
              "optional": true,
              "requires": {
                "balanced-match": "^1.0.0",
                "concat-map": "0.0.1"
              }
            },
            "chownr": {
              "version": "1.1.3",
              "bundled": true,
              "optional": true
            },
            "code-point-at": {
              "version": "1.1.0",
              "bundled": true,
              "optional": true
            },
            "concat-map": {
              "version": "0.0.1",
              "bundled": true,
              "optional": true
            },
            "console-control-strings": {
              "version": "1.1.0",
              "bundled": true,
              "optional": true
            },
            "core-util-is": {
              "version": "1.0.2",
              "bundled": true,
              "optional": true
            },
            "debug": {
              "version": "3.2.6",
              "bundled": true,
              "optional": true,
              "requires": {
                "ms": "^2.1.1"
              }
            },
            "deep-extend": {
              "version": "0.6.0",
              "bundled": true,
              "optional": true
            },
            "delegates": {
              "version": "1.0.0",
              "bundled": true,
              "optional": true
            },
            "detect-libc": {
              "version": "1.0.3",
              "bundled": true,
              "optional": true
            },
            "fs-minipass": {
              "version": "1.2.7",
              "bundled": true,
              "optional": true,
              "requires": {
                "minipass": "^2.6.0"
              }
            },
            "fs.realpath": {
              "version": "1.0.0",
              "bundled": true,
              "optional": true
            },
            "gauge": {
              "version": "2.7.4",
              "bundled": true,
              "optional": true,
              "requires": {
                "aproba": "^1.0.3",
                "console-control-strings": "^1.0.0",
                "has-unicode": "^2.0.0",
                "object-assign": "^4.1.0",
                "signal-exit": "^3.0.0",
                "string-width": "^1.0.1",
                "strip-ansi": "^3.0.1",
                "wide-align": "^1.1.0"
              }
            },
            "glob": {
              "version": "7.1.6",
              "bundled": true,
              "optional": true,
              "requires": {
                "fs.realpath": "^1.0.0",
                "inflight": "^1.0.4",
                "inherits": "2",
                "minimatch": "^3.0.4",
                "once": "^1.3.0",
                "path-is-absolute": "^1.0.0"
              }
            },
            "has-unicode": {
              "version": "2.0.1",
              "bundled": true,
              "optional": true
            },
            "iconv-lite": {
              "version": "0.4.24",
              "bundled": true,
              "optional": true,
              "requires": {
                "safer-buffer": ">= 2.1.2 < 3"
              }
            },
            "ignore-walk": {
              "version": "3.0.3",
              "bundled": true,
              "optional": true,
              "requires": {
                "minimatch": "^3.0.4"
              }
            },
            "inflight": {
              "version": "1.0.6",
              "bundled": true,
              "optional": true,
              "requires": {
                "once": "^1.3.0",
                "wrappy": "1"
              }
            },
            "inherits": {
              "version": "2.0.4",
              "bundled": true,
              "optional": true
            },
            "ini": {
              "version": "1.3.5",
              "bundled": true,
              "optional": true
            },
            "is-fullwidth-code-point": {
              "version": "1.0.0",
              "bundled": true,
              "optional": true,
              "requires": {
                "number-is-nan": "^1.0.0"
              }
            },
            "isarray": {
              "version": "1.0.0",
              "bundled": true,
              "optional": true
            },
            "minimatch": {
              "version": "3.0.4",
              "bundled": true,
              "optional": true,
              "requires": {
                "brace-expansion": "^1.1.7"
              }
            },
            "minimist": {
              "version": "0.0.8",
              "bundled": true,
              "optional": true
            },
            "minipass": {
              "version": "2.9.0",
              "bundled": true,
              "optional": true,
              "requires": {
                "safe-buffer": "^5.1.2",
                "yallist": "^3.0.0"
              }
            },
            "minizlib": {
              "version": "1.3.3",
              "bundled": true,
              "optional": true,
              "requires": {
                "minipass": "^2.9.0"
              }
            },
            "mkdirp": {
              "version": "0.5.1",
              "bundled": true,
              "optional": true,
              "requires": {
                "minimist": "0.0.8"
              }
            },
            "ms": {
              "version": "2.1.2",
              "bundled": true,
              "optional": true
            },
            "needle": {
              "version": "2.4.0",
              "bundled": true,
              "optional": true,
              "requires": {
                "debug": "^3.2.6",
                "iconv-lite": "^0.4.4",
                "sax": "^1.2.4"
              }
            },
            "node-pre-gyp": {
              "version": "0.14.0",
              "bundled": true,
              "optional": true,
              "requires": {
                "detect-libc": "^1.0.2",
                "mkdirp": "^0.5.1",
                "needle": "^2.2.1",
                "nopt": "^4.0.1",
                "npm-packlist": "^1.1.6",
                "npmlog": "^4.0.2",
                "rc": "^1.2.7",
                "rimraf": "^2.6.1",
                "semver": "^5.3.0",
                "tar": "^4.4.2"
              }
            },
            "nopt": {
              "version": "4.0.1",
              "bundled": true,
              "optional": true,
              "requires": {
                "abbrev": "1",
                "osenv": "^0.1.4"
              }
            },
            "npm-bundled": {
              "version": "1.1.1",
              "bundled": true,
              "optional": true,
              "requires": {
                "npm-normalize-package-bin": "^1.0.1"
              }
            },
            "npm-normalize-package-bin": {
              "version": "1.0.1",
              "bundled": true,
              "optional": true
            },
            "npm-packlist": {
              "version": "1.4.7",
              "bundled": true,
              "optional": true,
              "requires": {
                "ignore-walk": "^3.0.1",
                "npm-bundled": "^1.0.1"
              }
            },
            "npmlog": {
              "version": "4.1.2",
              "bundled": true,
              "optional": true,
              "requires": {
                "are-we-there-yet": "~1.1.2",
                "console-control-strings": "~1.1.0",
                "gauge": "~2.7.3",
                "set-blocking": "~2.0.0"
              }
            },
            "number-is-nan": {
              "version": "1.0.1",
              "bundled": true,
              "optional": true
            },
            "object-assign": {
              "version": "4.1.1",
              "bundled": true,
              "optional": true
            },
            "once": {
              "version": "1.4.0",
              "bundled": true,
              "optional": true,
              "requires": {
                "wrappy": "1"
              }
            },
            "os-homedir": {
              "version": "1.0.2",
              "bundled": true,
              "optional": true
            },
            "os-tmpdir": {
              "version": "1.0.2",
              "bundled": true,
              "optional": true
            },
            "osenv": {
              "version": "0.1.5",
              "bundled": true,
              "optional": true,
              "requires": {
                "os-homedir": "^1.0.0",
                "os-tmpdir": "^1.0.0"
              }
            },
            "path-is-absolute": {
              "version": "1.0.1",
              "bundled": true,
              "optional": true
            },
            "process-nextick-args": {
              "version": "2.0.1",
              "bundled": true,
              "optional": true
            },
            "rc": {
              "version": "1.2.8",
              "bundled": true,
              "optional": true,
              "requires": {
                "deep-extend": "^0.6.0",
                "ini": "~1.3.0",
                "minimist": "^1.2.0",
                "strip-json-comments": "~2.0.1"
              },
              "dependencies": {
                "minimist": {
                  "version": "1.2.0",
                  "bundled": true,
                  "optional": true
                }
              }
            },
            "readable-stream": {
              "version": "2.3.6",
              "bundled": true,
              "optional": true,
              "requires": {
                "core-util-is": "~1.0.0",
                "inherits": "~2.0.3",
                "isarray": "~1.0.0",
                "process-nextick-args": "~2.0.0",
                "safe-buffer": "~5.1.1",
                "string_decoder": "~1.1.1",
                "util-deprecate": "~1.0.1"
              }
            },
            "rimraf": {
              "version": "2.7.1",
              "bundled": true,
              "optional": true,
              "requires": {
                "glob": "^7.1.3"
              }
            },
            "safe-buffer": {
              "version": "5.1.2",
              "bundled": true,
              "optional": true
            },
            "safer-buffer": {
              "version": "2.1.2",
              "bundled": true,
              "optional": true
            },
            "sax": {
              "version": "1.2.4",
              "bundled": true,
              "optional": true
            },
            "semver": {
              "version": "5.7.1",
              "bundled": true,
              "optional": true
            },
            "set-blocking": {
              "version": "2.0.0",
              "bundled": true,
              "optional": true
            },
            "signal-exit": {
              "version": "3.0.2",
              "bundled": true,
              "optional": true
            },
            "string-width": {
              "version": "1.0.2",
              "bundled": true,
              "optional": true,
              "requires": {
                "code-point-at": "^1.0.0",
                "is-fullwidth-code-point": "^1.0.0",
                "strip-ansi": "^3.0.0"
              }
            },
            "string_decoder": {
              "version": "1.1.1",
              "bundled": true,
              "optional": true,
              "requires": {
                "safe-buffer": "~5.1.0"
              }
            },
            "strip-ansi": {
              "version": "3.0.1",
              "bundled": true,
              "optional": true,
              "requires": {
                "ansi-regex": "^2.0.0"
              }
            },
            "strip-json-comments": {
              "version": "2.0.1",
              "bundled": true,
              "optional": true
            },
            "tar": {
              "version": "4.4.13",
              "bundled": true,
              "optional": true,
              "requires": {
                "chownr": "^1.1.1",
                "fs-minipass": "^1.2.5",
                "minipass": "^2.8.6",
                "minizlib": "^1.2.1",
                "mkdirp": "^0.5.0",
                "safe-buffer": "^5.1.2",
                "yallist": "^3.0.3"
              }
            },
            "util-deprecate": {
              "version": "1.0.2",
              "bundled": true,
              "optional": true
            },
            "wide-align": {
              "version": "1.1.3",
              "bundled": true,
              "optional": true,
              "requires": {
                "string-width": "^1.0.2 || 2"
              }
            },
            "wrappy": {
              "version": "1.0.2",
              "bundled": true,
              "optional": true
            },
            "yallist": {
              "version": "3.1.1",
              "bundled": true,
              "optional": true
            }
          }
        },
        "glob-parent": {
          "version": "3.1.0",
          "resolved": "https://registry.npmjs.org/glob-parent/-/glob-parent-3.1.0.tgz",
          "integrity": "sha1-nmr2KZ2NO9K9QEMIMr0RPfkGxa4=",
          "dependencies": {
            "is-glob": {
              "version": "3.1.0",
              "resolved": "https://registry.npmjs.org/is-glob/-/is-glob-3.1.0.tgz",
              "integrity": "sha1-e6WuJCF4BKxwcHuWkiVnSGzD6Eo="
            }
          }
        },
        "has-flag": {
          "version": "3.0.0",
          "resolved": "https://registry.npmjs.org/has-flag/-/has-flag-3.0.0.tgz",
          "integrity": "sha1-tdRU3CGZriJWmfNGfloH87lVuv0="
        },
        "is-binary-path": {
          "version": "1.0.1",
          "resolved": "https://registry.npmjs.org/is-binary-path/-/is-binary-path-1.0.1.tgz",
          "integrity": "sha1-dfFmQrSA8YenEcgUFh/TpKdlWJg="
        },
        "is-number": {
          "version": "3.0.0",
          "resolved": "https://registry.npmjs.org/is-number/-/is-number-3.0.0.tgz",
          "integrity": "sha1-JP1iAaR4LPUFYcgQJ2r8fRLXEZU="
        },
        "kind-of": {
          "version": "3.2.2",
          "resolved": "https://registry.npmjs.org/kind-of/-/kind-of-3.2.2.tgz",
          "integrity": "sha1-MeohpzS6ubuw8yRm2JOupR5KPGQ="
        },
        "ms": {
          "version": "2.1.2",
          "resolved": "https://registry.npmjs.org/ms/-/ms-2.1.2.tgz",
          "integrity": "sha512-sGkPx+VjMtmA6MX27oA4FBFELFCZZ4S4XqeGOXCv68tT+jb3vk/RyaKWP0PTKyWtmLSM0b+adUTEvbs1PEaH2w=="
        },
        "readable-stream": {
          "version": "2.3.6",
          "resolved": "https://registry.npmjs.org/readable-stream/-/readable-stream-2.3.6.tgz",
          "integrity": "sha512-tQtKA9WIAhBF3+VLAseyMqZeBjW0AHJoxOtYqSUZNJxauErmLbVm2FW1y+J/YA9dUrAC39ITejlZWhVIwawkKw=="
        },
        "readdirp": {
          "version": "2.2.1",
          "resolved": "https://registry.npmjs.org/readdirp/-/readdirp-2.2.1.tgz",
          "integrity": "sha512-1JU/8q+VgFZyxwrJ+SVIOsh+KywWGpds3NTqikiKpDMZWScmAYyKIgqkO+ARvNWJfXeXR1zxz7aHF4u4CyH6vQ=="
        },
        "string_decoder": {
          "version": "1.1.1",
          "resolved": "https://registry.npmjs.org/string_decoder/-/string_decoder-1.1.1.tgz",
          "integrity": "sha512-n/ShnvDi6FHbbVfviro+WojiFzv+s8MPMHBczVePfUpDJLwoLT0ht1l4YwBCbi8pJAveEEdnkHyPyTP/mzRfwg=="
        },
        "supports-color": {
          "version": "5.5.0",
          "resolved": "https://registry.npmjs.org/supports-color/-/supports-color-5.5.0.tgz",
          "integrity": "sha512-QjVjwdXIt408MIiAqCX4oUKsgU2EqAGzs2Ppkm4aQYbjm+ZEWEcW4SfFNTr4uMNZma0ey4f5lgLrkB0aX0QMow=="
        },
        "to-regex-range": {
          "version": "2.1.1",
          "resolved": "https://registry.npmjs.org/to-regex-range/-/to-regex-range-2.1.1.tgz",
          "integrity": "sha1-fIDBe53+vlmeJzZ+DU3VWQFB2zg="
        }
      }
    },
    "nuxt": {
      "version": "2.11.0",
      "resolved": "https://registry.npmjs.org/nuxt/-/nuxt-2.11.0.tgz",
      "integrity": "sha512-Y7lastjYWIOppja0FaWozPfkvlmJ8uZSqWx0VbK7l5djbHls5jgUGag0iu6GsNNwCFTKpoAtptNHiWOsyMxStA=="
    },
    "on-finished": {
      "version": "2.3.0",
      "resolved": "https://registry.npmjs.org/on-finished/-/on-finished-2.3.0.tgz",
      "integrity": "sha1-IPEzZIGwg811M3mSoWlxqi2QaUc="
    },
    "parseurl": {
      "version": "1.3.3",
      "resolved": "https://registry.npmjs.org/parseurl/-/parseurl-1.3.3.tgz",
      "integrity": "sha512-CiyeOxFT/JZyN5m0z9PfXw4SCBJ6Sygz1Dpl0wqjlhDEGGBP1GnsUVEL0p63hoG1fcj3fHynXi9NYO4nWOL+qQ=="
    },
    "path-to-regexp": {
      "version": "0.1.7",
      "resolved": "https://registry.npmjs.org/path-to-regexp/-/path-to-regexp-0.1.7.tgz",
      "integrity": "sha1-32BBeABfUi8V60SQ5yR6G/qmf4w="
    },
    "range-parser": {
      "version": "1.2.1",
      "resolved": "https://registry.npmjs.org/range-parser/-/range-parser-1.2.1.tgz",
      "integrity": "sha512-Hrgsx+orqoygnmhFbKaHE6c296J+HTAQXoxEF6gNupROmmGJRoyzfG3ccAveqCBrwr/2yxQ5BVd/GTl5agOwSg=="
    },
    "statuses": {
      "version": "1.5.0",
      "resolved": "https://registry.npmjs.org/statuses/-/statuses-1.5.0.tgz",
      "integrity": "sha1-Fhx9rBd2Wf2YEfQ3cfqZOBR4Yow="
    },
    "type-is": {
      "version": "1.6.18",
      "resolved": "https://registry.npmjs.org/type-is/-/type-is-1.6.18.tgz",
      "integrity": "sha512-TkRKr9sUTxEH8MdfuCSP7VizJyzRNMjj2J2do2Jr3Kym598JVdEksuzPQCnlFPW4ky9Q+iA+ma9BGm06XQBy8g=="
    },
    "unpipe": {
      "version": "1.0.0",
      "resolved": "https://registry.npmjs.org/unpipe/-/unpipe-1.0.0.tgz",
      "integrity": "sha1-sr9O6FFKrmFltIF4KdIbLvSZBOw="
    },
    "utils-merge": {
      "version": "1.0.1",
      "resolved": "https://registry.npmjs.org/utils-merge/-/utils-merge-1.0.1.tgz",
      "integrity": "sha1-n5VxD1CiZ5R7LMwSR0HBAoQn5xM="
    },
    "vary": {
      "version": "1.1.2",
      "resolved": "https://registry.npmjs.org/vary/-/vary-1.1.2.tgz",
      "integrity": "sha1-IpnwLG3tMNSllhsLn3RSShj2NPw="
    },
    "vuex-persistedstate": {
      "version": "3.0.1",
      "resolved": "https://registry.npmjs.org/vuex-persistedstate/-/vuex-persistedstate-3.0.1.tgz",
      "integrity": "sha512-2dH77+fIecAXO8GeJEXiYnC++gx48PFGUayB5d7rWrN3fblRCOHQoVnmu/VV9DXbHHJcJth/0W/ofl8vw12j1A=="
    }
  }
}
